
Microsoft Visual Studio Solution File, Format Version 12.00
# Visual Studio Version 17
VisualStudioVersion = 17.8.34309.116
MinimumVisualStudioVersion = 10.0.40219.1
Project("{FAE04EC0-301F-11D3-BF4B-00C04F79EFBC}") = "ProjectOfficeApp", "ProjectOfficeApp\ProjectOfficeApp.csproj", "{C040FA95-7322-4E97-8288-14891A8BA593}"
EndProject
Global
	GlobalSection(SolutionConfigurationPlatforms) = preSolution
		Debug|Any CPU = Debug|Any CPU
		Release|Any CPU = Release|Any CPU
	EndGlobalSection
	GlobalSection(ProjectConfigurationPlatforms) = postSolution
		{C040FA95-7322-4E97-8288-14891A8BA593}.Debug|Any CPU.ActiveCfg = Debug|Any CPU
		{C040FA95-7322-4E97-8288-14891A8BA593}.Debug|Any CPU.Build.0 = Debug|Any CPU
		{C040FA95-7322-4E97-8288-14891A8BA593}.Release|Any CPU.ActiveCfg = Release|Any CPU
		{C040FA95-7322-4E97-8288-14891A8BA593}.Release|Any CPU.Build.0 = Release|Any CPU
	EndGlobalSection
	GlobalSection(SolutionProperties) = preSolution
		HideSolutionNode = FALSE
	EndGlobalSection
	GlobalSection(ExtensibilityGlobals) = postSolution
		SolutionGuid = {3F6707E4-6EAE-45FA-A33F-F5EAEF7026E7}
	EndGlobalSection
EndGlobal
